{
      "name": "tegaki_anime_test",
      "version": "1.0.0",
      "lockfileVersion": 3,
      "requires": true,
      "packages": {
            "": {
                  "name": "tegaki_anime_test",
                  "version": "1.0.0",
                  "license": "MIT",
                  "dependencies": {
                        "gif.js": "^0.2.0",
                        "pako": "^2.1.0",
                        "upng-js": "^2.1.0"
                  }
            },
            "node_modules/gif.js": {
                  "version": "0.2.0",
                  "resolved": "https://registry.npmjs.org/gif.js/-/gif.js-0.2.0.tgz",
                  "integrity": "sha512-bYxCoT8OZKmbxY8RN4qDiYuj4nrQDTzgLRcFVovyona1PTWNePzI4nzOmotnlOFIzTk/ZxAHtv+TfVLiBWj/hw==",
                  "license": "MIT"
            },
            "node_modules/pako": {
                  "version": "2.1.0",
                  "resolved": "https://registry.npmjs.org/pako/-/pako-2.1.0.tgz",
                  "integrity": "sha512-w+eufiZ1WuJYgPXbV/PO3NCMEc3xqylkKHzp8bxp1uW4qaSNQUkwmLLEc3kKsfz8lpV1F8Ht3U1Cm+9Srog2ug==",
                  "license": "(MIT AND Zlib)"
            },
            "node_modules/upng-js": {
                  "version": "2.1.0",
                  "resolved": "https://registry.npmjs.org/upng-js/-/upng-js-2.1.0.tgz",
                  "integrity": "sha512-d3xzZzpMP64YkjP5pr8gNyvBt7dLk/uGI67EctzDuVp4lCZyVMo0aJO6l/VDlgbInJYDY6cnClLoBp29eKWI6g==",
                  "license": "MIT",
                  "dependencies": {
                        "pako": "^1.0.5"
                  }
            },
            "node_modules/upng-js/node_modules/pako": {
                  "version": "1.0.11",
                  "resolved": "https://registry.npmjs.org/pako/-/pako-1.0.11.tgz",
                  "integrity": "sha512-4hLB8Py4zZce5s4yd9XzopqwVv/yGNhV1Bl8NTmCq1763HeK2+EwVTv+leGeL13Dnh2wfbqowVPXCIO0z4taYw==",
                  "license": "(MIT AND Zlib)"
            }
      }
}
