{
  "name": "libs",
  "lockfileVersion": 3,
  "requires": true,
  "packages": {
    "": {
      "dependencies": {
        "dexie": "^4.0.11",
        "gl-matrix": "^3.4.3",
        "twgl.js": "^6.1.1"
      }
    },
    "node_modules/dexie": {
      "version": "4.0.11",
      "resolved": "https://registry.npmjs.org/dexie/-/dexie-4.0.11.tgz",
      "integrity": "sha512-SOKO002EqlvBYYKQSew3iymBoN2EQ4BDw/3yprjh7kAfFzjBYkaMNa/pZvcA7HSWlcKSQb9XhPe3wKyQ0x4A8A==",
      "license": "Apache-2.0"
    },
    "node_modules/gl-matrix": {
      "version": "3.4.3",
      "resolved": "https://registry.npmjs.org/gl-matrix/-/gl-matrix-3.4.3.tgz",
      "integrity": "sha512-wcCp8vu8FT22BnvKVPjXa/ICBWRq/zjFfdofZy1WSpQZpphblv12/bOQLBC1rMM7SGOFS9ltVmKOHil5+Ml7gA==",
      "license": "MIT"
    },
    "node_modules/twgl.js": {
      "version": "6.1.1",
      "resolved": "https://registry.npmjs.org/twgl.js/-/twgl.js-6.1.1.tgz",
      "integrity": "sha512-/VCUYYWdU4tif3nAUZORJPVUFgBRbLrFHB2ZMRyw3hIGNIhgaOSHIOckYOSVfQWJw/UGW/3q8NRA1ymwLmSfaA==",
      "license": "MIT"
    }
  }
}
