{
  "name": "v8.13_Drawing_189",
  "lockfileVersion": 3,
  "requires": true,
  "packages": {
    "": {
      "dependencies": {
        "libwebp-wasm": "^0.1.6"
      }
    },
    "node_modules/@types/emscripten": {
      "version": "1.41.5",
      "resolved": "https://registry.npmjs.org/@types/emscripten/-/emscripten-1.41.5.tgz",
      "integrity": "sha512-cMQm7pxu6BxtHyqJ7mQZ2kXWV5SLmugybFdHCBbJ5eHzOo6VhBckEgAT3//rP5FwPHNPeEiq4SmQ5ucBwsOo4Q==",
      "license": "MIT"
    },
    "node_modules/check-image-type": {
      "version": "0.1.4",
      "resolved": "https://registry.npmjs.org/check-image-type/-/check-image-type-0.1.4.tgz",
      "integrity": "sha512-c5t2NW5krb0jWkYfpKzNkJcPjcaTvFkEe2BcDmj0Sqi4Ti+MOVAWavHSaL64YNmfVV/CnKyOhnFys8gxpbmOdg==",
      "license": "MIT",
      "engines": {
        "node": ">=10"
      }
    },
    "node_modules/libwebp-wasm": {
      "version": "0.1.6",
      "resolved": "https://registry.npmjs.org/libwebp-wasm/-/libwebp-wasm-0.1.6.tgz",
      "integrity": "sha512-RiWwSYpJdg7QciQY+rqQR9Hps1qXBW0XDTFY+THZw4pX7MIRyJtBQx4QOJQ6aJlFB5rY3LPMusdjazVxyuMbBw==",
      "license": "MIT",
      "dependencies": {
        "@types/emscripten": "^1.39.6",
        "check-image-type": "^0.1.4"
      },
      "engines": {
        "node": ">=10"
      }
    }
  }
}
